// !$*UTF8*$!
{
	archiveVersion = 1;
	classes = {
	};
	objectVersion = 56;
	objects = {

/* Begin PBXBuildFile section */
		173655152BBDCF9D00DDA013 /* SpotifyUICloneApp.swift in Sources */ = {isa = PBXBuildFile; fileRef = 173655142BBDCF9D00DDA013 /* SpotifyUICloneApp.swift */; };
		173655172BBDCF9D00DDA013 /* ContentView.swift in Sources */ = {isa = PBXBuildFile; fileRef = 173655162BBDCF9D00DDA013 /* ContentView.swift */; };
		173655192BBDCF9E00DDA013 /* Assets.xcassets in Resources */ = {isa = PBXBuildFile; fileRef = 173655182BBDCF9E00DDA013 /* Assets.xcassets */; };
		1736551C2BBDCF9E00DDA013 /* Preview Assets.xcassets in Resources */ = {isa = PBXBuildFile; fileRef = 1736551B2BBDCF9E00DDA013 /* Preview Assets.xcassets */; };
		173655242BBDD1F500DDA013 /* SDWebImageSwiftUI in Frameworks */ = {isa = PBXBuildFile; productRef = 173655232BBDD1F500DDA013 /* SDWebImageSwiftUI */; };
		173655272BBDD22300DDA013 /* ImageLoaderView.swift in Sources */ = {isa = PBXBuildFile; fileRef = 173655262BBDD22300DDA013 /* ImageLoaderView.swift */; };
		173655292BBDD2D000DDA013 /* Constants.swift in Sources */ = {isa = PBXBuildFile; fileRef = 173655282BBDD2D000DDA013 /* Constants.swift */; };
		1736552B2BBDD50B00DDA013 /* DatabaseHelper.swift in Sources */ = {isa = PBXBuildFile; fileRef = 1736552A2BBDD50B00DDA013 /* DatabaseHelper.swift */; };
		1748FBE62BE2D2030096FF6C /* Category.swift in Sources */ = {isa = PBXBuildFile; fileRef = 1748FBE52BE2D2030096FF6C /* Category.swift */; };
		176DF40D2BD83D9E0059E24C /* SpotifyHomeView.swift in Sources */ = {isa = PBXBuildFile; fileRef = 176DF40C2BD83D9E0059E24C /* SpotifyHomeView.swift */; };
		176DF40F2BD844E00059E24C /* SpotifyCategoryCell.swift in Sources */ = {isa = PBXBuildFile; fileRef = 176DF40E2BD844E00059E24C /* SpotifyCategoryCell.swift */; };
		1773B72C2BEAB5BF00CF334F /* SpotifyRecentsCell.swift in Sources */ = {isa = PBXBuildFile; fileRef = 1773B72B2BEAB5BF00CF334F /* SpotifyRecentsCell.swift */; };
		17A858F62BEC076B00E95F33 /* SpotifyNewReleaseCell.swift in Sources */ = {isa = PBXBuildFile; fileRef = 17A858F52BEC076B00E95F33 /* SpotifyNewReleaseCell.swift */; };
		17E8FFEE2BBEEC1C003B0E3C /* Product.swift in Sources */ = {isa = PBXBuildFile; fileRef = 17E8FFED2BBEEC1C003B0E3C /* Product.swift */; };
		17E8FFF02BBEEC36003B0E3C /* User.swift in Sources */ = {isa = PBXBuildFile; fileRef = 17E8FFEF2BBEEC36003B0E3C /* User.swift */; };
		17E8FFF32BBF0600003B0E3C /* SwiftfulUI in Frameworks */ = {isa = PBXBuildFile; productRef = 17E8FFF22BBF0600003B0E3C /* SwiftfulUI */; };
		17E8FFF62BBF0631003B0E3C /* SwiftfulRouting in Frameworks */ = {isa = PBXBuildFile; productRef = 17E8FFF52BBF0631003B0E3C /* SwiftfulRouting */; };
/* End PBXBuildFile section */

/* Begin PBXFileReference section */
		173655112BBDCF9D00DDA013 /* SpotifyUIClone.app */ = {isa = PBXFileReference; explicitFileType = wrapper.application; includeInIndex = 0; path = SpotifyUIClone.app; sourceTree = BUILT_PRODUCTS_DIR; };
		173655142BBDCF9D00DDA013 /* SpotifyUICloneApp.swift */ = {isa = PBXFileReference; lastKnownFileType = sourcecode.swift; path = SpotifyUICloneApp.swift; sourceTree = "<group>"; };
		173655162BBDCF9D00DDA013 /* ContentView.swift */ = {isa = PBXFileReference; lastKnownFileType = sourcecode.swift; path = ContentView.swift; sourceTree = "<group>"; };
		173655182BBDCF9E00DDA013 /* Assets.xcassets */ = {isa = PBXFileReference; lastKnownFileType = folder.assetcatalog; path = Assets.xcassets; sourceTree = "<group>"; };
		1736551B2BBDCF9E00DDA013 /* Preview Assets.xcassets */ = {isa = PBXFileReference; lastKnownFileType = folder.assetcatalog; path = "Preview Assets.xcassets"; sourceTree = "<group>"; };
		173655262BBDD22300DDA013 /* ImageLoaderView.swift */ = {isa = PBXFileReference; lastKnownFileType = sourcecode.swift; path = ImageLoaderView.swift; sourceTree = "<group>"; };
		173655282BBDD2D000DDA013 /* Constants.swift */ = {isa = PBXFileReference; lastKnownFileType = sourcecode.swift; path = Constants.swift; sourceTree = "<group>"; };
		1736552A2BBDD50B00DDA013 /* DatabaseHelper.swift */ = {isa = PBXFileReference; lastKnownFileType = sourcecode.swift; path = DatabaseHelper.swift; sourceTree = "<group>"; };
		1748FBE52BE2D2030096FF6C /* Category.swift */ = {isa = PBXFileReference; lastKnownFileType = sourcecode.swift; path = Category.swift; sourceTree = "<group>"; };
		176DF40C2BD83D9E0059E24C /* SpotifyHomeView.swift */ = {isa = PBXFileReference; lastKnownFileType = sourcecode.swift; path = SpotifyHomeView.swift; sourceTree = "<group>"; };
		176DF40E2BD844E00059E24C /* SpotifyCategoryCell.swift */ = {isa = PBXFileReference; lastKnownFileType = sourcecode.swift; path = SpotifyCategoryCell.swift; sourceTree = "<group>"; };
		1773B72B2BEAB5BF00CF334F /* SpotifyRecentsCell.swift */ = {isa = PBXFileReference; lastKnownFileType = sourcecode.swift; path = SpotifyRecentsCell.swift; sourceTree = "<group>"; };
		17A858F52BEC076B00E95F33 /* SpotifyNewReleaseCell.swift */ = {isa = PBXFileReference; lastKnownFileType = sourcecode.swift; path = SpotifyNewReleaseCell.swift; sourceTree = "<group>"; };
		17E8FFED2BBEEC1C003B0E3C /* Product.swift */ = {isa = PBXFileReference; lastKnownFileType = sourcecode.swift; path = Product.swift; sourceTree = "<group>"; };
		17E8FFEF2BBEEC36003B0E3C /* User.swift */ = {isa = PBXFileReference; lastKnownFileType = sourcecode.swift; path = User.swift; sourceTree = "<group>"; };
/* End PBXFileReference section */

/* Begin PBXFrameworksBuildPhase section */
		1736550E2BBDCF9D00DDA013 /* Frameworks */ = {
			isa = PBXFrameworksBuildPhase;
			buildActionMask = 2147483647;
			files = (
				17E8FFF32BBF0600003B0E3C /* SwiftfulUI in Frameworks */,
				17E8FFF62BBF0631003B0E3C /* SwiftfulRouting in Frameworks */,
				173655242BBDD1F500DDA013 /* SDWebImageSwiftUI in Frameworks */,
			);
			runOnlyForDeploymentPostprocessing = 0;
		};
/* End PBXFrameworksBuildPhase section */

/* Begin PBXGroup section */
		173655082BBDCF9D00DDA013 = {
			isa = PBXGroup;
			children = (
				173655132BBDCF9D00DDA013 /* SpotifyUIClone */,
				173655122BBDCF9D00DDA013 /* Products */,
			);
			sourceTree = "<group>";
		};
		173655122BBDCF9D00DDA013 /* Products */ = {
			isa = PBXGroup;
			children = (
				173655112BBDCF9D00DDA013 /* SpotifyUIClone.app */,
			);
			name = Products;
			sourceTree = "<group>";
		};
		173655132BBDCF9D00DDA013 /* SpotifyUIClone */ = {
			isa = PBXGroup;
			children = (
				173655142BBDCF9D00DDA013 /* SpotifyUICloneApp.swift */,
				173655162BBDCF9D00DDA013 /* ContentView.swift */,
				176DF4092BD83D670059E24C /* Spotify */,
				173655252BBDD20600DDA013 /* Shared */,
				173655182BBDCF9E00DDA013 /* Assets.xcassets */,
				1736551A2BBDCF9E00DDA013 /* Preview Content */,
			);
			path = SpotifyUIClone;
			sourceTree = "<group>";
		};
		1736551A2BBDCF9E00DDA013 /* Preview Content */ = {
			isa = PBXGroup;
			children = (
				1736551B2BBDCF9E00DDA013 /* Preview Assets.xcassets */,
			);
			path = "Preview Content";
			sourceTree = "<group>";
		};
		173655252BBDD20600DDA013 /* Shared */ = {
			isa = PBXGroup;
			children = (
				173655262BBDD22300DDA013 /* ImageLoaderView.swift */,
				173655282BBDD2D000DDA013 /* Constants.swift */,
				1736552A2BBDD50B00DDA013 /* DatabaseHelper.swift */,
				17E8FFED2BBEEC1C003B0E3C /* Product.swift */,
				17E8FFEF2BBEEC36003B0E3C /* User.swift */,
			);
			path = Shared;
			sourceTree = "<group>";
		};
		1748FBE42BE2D1FA0096FF6C /* Models */ = {
			isa = PBXGroup;
			children = (
				1748FBE52BE2D2030096FF6C /* Category.swift */,
			);
			path = Models;
			sourceTree = "<group>";
		};
		176DF4092BD83D670059E24C /* Spotify */ = {
			isa = PBXGroup;
			children = (
				1748FBE42BE2D1FA0096FF6C /* Models */,
				176DF40B2BD83D810059E24C /* Components */,
				176DF40A2BD83D770059E24C /* Core */,
			);
			path = Spotify;
			sourceTree = "<group>";
		};
		176DF40A2BD83D770059E24C /* Core */ = {
			isa = PBXGroup;
			children = (
				176DF40C2BD83D9E0059E24C /* SpotifyHomeView.swift */,
			);
			path = Core;
			sourceTree = "<group>";
		};
		176DF40B2BD83D810059E24C /* Components */ = {
			isa = PBXGroup;
			children = (
				176DF40E2BD844E00059E24C /* SpotifyCategoryCell.swift */,
				1773B72B2BEAB5BF00CF334F /* SpotifyRecentsCell.swift */,
				17A858F52BEC076B00E95F33 /* SpotifyNewReleaseCell.swift */,
			);
			path = Components;
			sourceTree = "<group>";
		};
/* End PBXGroup section */

/* Begin PBXNativeTarget section */
		173655102BBDCF9D00DDA013 /* SpotifyUIClone */ = {
			isa = PBXNativeTarget;
			buildConfigurationList = 1736551F2BBDCF9E00DDA013 /* Build configuration list for PBXNativeTarget "SpotifyUIClone" */;
			buildPhases = (
				1736550D2BBDCF9D00DDA013 /* Sources */,
				1736550E2BBDCF9D00DDA013 /* Frameworks */,
				1736550F2BBDCF9D00DDA013 /* Resources */,
			);
			buildRules = (
			);
			dependencies = (
			);
			name = SpotifyUIClone;
			packageProductDependencies = (
				173655232BBDD1F500DDA013 /* SDWebImageSwiftUI */,
				17E8FFF22BBF0600003B0E3C /* SwiftfulUI */,
				17E8FFF52BBF0631003B0E3C /* SwiftfulRouting */,
			);
			productName = SpotifyUIClone;
			productReference = 173655112BBDCF9D00DDA013 /* SpotifyUIClone.app */;
			productType = "com.apple.product-type.application";
		};
/* End PBXNativeTarget section */

/* Begin PBXProject section */
		173655092BBDCF9D00DDA013 /* Project object */ = {
			isa = PBXProject;
			attributes = {
				BuildIndependentTargetsInParallel = 1;
				LastSwiftUpdateCheck = 1510;
				LastUpgradeCheck = 1510;
				TargetAttributes = {
					173655102BBDCF9D00DDA013 = {
						CreatedOnToolsVersion = 15.1;
					};
				};
			};
			buildConfigurationList = 1736550C2BBDCF9D00DDA013 /* Build configuration list for PBXProject "SpotifyUIClone" */;
			compatibilityVersion = "Xcode 14.0";
			developmentRegion = en;
			hasScannedForEncodings = 0;
			knownRegions = (
				en,
				Base,
			);
			mainGroup = 173655082BBDCF9D00DDA013;
			packageReferences = (
				173655222BBDD1F500DDA013 /* XCRemoteSwiftPackageReference "SDWebImageSwiftUI" */,
				17E8FFF12BBF0600003B0E3C /* XCRemoteSwiftPackageReference "SwiftfulUI" */,
				17E8FFF42BBF0631003B0E3C /* XCRemoteSwiftPackageReference "SwiftfulRouting" */,
			);
			productRefGroup = 173655122BBDCF9D00DDA013 /* Products */;
			projectDirPath = "";
			projectRoot = "";
			targets = (
				173655102BBDCF9D00DDA013 /* SpotifyUIClone */,
			);
		};
/* End PBXProject section */

/* Begin PBXResourcesBuildPhase section */
		1736550F2BBDCF9D00DDA013 /* Resources */ = {
			isa = PBXResourcesBuildPhase;
			buildActionMask = 2147483647;
			files = (
				1736551C2BBDCF9E00DDA013 /* Preview Assets.xcassets in Resources */,
				173655192BBDCF9E00DDA013 /* Assets.xcassets in Resources */,
			);
			runOnlyForDeploymentPostprocessing = 0;
		};
/* End PBXResourcesBuildPhase section */

/* Begin PBXSourcesBuildPhase section */
		1736550D2BBDCF9D00DDA013 /* Sources */ = {
			isa = PBXSourcesBuildPhase;
			buildActionMask = 2147483647;
			files = (
				173655272BBDD22300DDA013 /* ImageLoaderView.swift in Sources */,
				1748FBE62BE2D2030096FF6C /* Category.swift in Sources */,
				176DF40F2BD844E00059E24C /* SpotifyCategoryCell.swift in Sources */,
				17A858F62BEC076B00E95F33 /* SpotifyNewReleaseCell.swift in Sources */,
				1736552B2BBDD50B00DDA013 /* DatabaseHelper.swift in Sources */,
				176DF40D2BD83D9E0059E24C /* SpotifyHomeView.swift in Sources */,
				173655172BBDCF9D00DDA013 /* ContentView.swift in Sources */,
				173655152BBDCF9D00DDA013 /* SpotifyUICloneApp.swift in Sources */,
				173655292BBDD2D000DDA013 /* Constants.swift in Sources */,
				1773B72C2BEAB5BF00CF334F /* SpotifyRecentsCell.swift in Sources */,
				17E8FFEE2BBEEC1C003B0E3C /* Product.swift in Sources */,
				17E8FFF02BBEEC36003B0E3C /* User.swift in Sources */,
			);
			runOnlyForDeploymentPostprocessing = 0;
		};
/* End PBXSourcesBuildPhase section */

/* Begin XCBuildConfiguration section */
		1736551D2BBDCF9E00DDA013 /* Debug */ = {
			isa = XCBuildConfiguration;
			buildSettings = {
				ALWAYS_SEARCH_USER_PATHS = NO;
				ASSETCATALOG_COMPILER_GENERATE_SWIFT_ASSET_SYMBOL_EXTENSIONS = YES;
				CLANG_ANALYZER_NONNULL = YES;
				CLANG_ANALYZER_NUMBER_OBJECT_CONVERSION = YES_AGGRESSIVE;
				CLANG_CXX_LANGUAGE_STANDARD = "gnu++20";
				CLANG_ENABLE_MODULES = YES;
				CLANG_ENABLE_OBJC_ARC = YES;
				CLANG_ENABLE_OBJC_WEAK = YES;
				CLANG_WARN_BLOCK_CAPTURE_AUTORELEASING = YES;
				CLANG_WARN_BOOL_CONVERSION = YES;
				CLANG_WARN_COMMA = YES;
				CLANG_WARN_CONSTANT_CONVERSION = YES;
				CLANG_WARN_DEPRECATED_OBJC_IMPLEMENTATIONS = YES;
				CLANG_WARN_DIRECT_OBJC_ISA_USAGE = YES_ERROR;
				CLANG_WARN_DOCUMENTATION_COMMENTS = YES;
				CLANG_WARN_EMPTY_BODY = YES;
				CLANG_WARN_ENUM_CONVERSION = YES;
				CLANG_WARN_INFINITE_RECURSION = YES;
				CLANG_WARN_INT_CONVERSION = YES;
				CLANG_WARN_NON_LITERAL_NULL_CONVERSION = YES;
				CLANG_WARN_OBJC_IMPLICIT_RETAIN_SELF = YES;
				CLANG_WARN_OBJC_LITERAL_CONVERSION = YES;
				CLANG_WARN_OBJC_ROOT_CLASS = YES_ERROR;
				CLANG_WARN_QUOTED_INCLUDE_IN_FRAMEWORK_HEADER = YES;
				CLANG_WARN_RANGE_LOOP_ANALYSIS = YES;
				CLANG_WARN_STRICT_PROTOTYPES = YES;
				CLANG_WARN_SUSPICIOUS_MOVE = YES;
				CLANG_WARN_UNGUARDED_AVAILABILITY = YES_AGGRESSIVE;
				CLANG_WARN_UNREACHABLE_CODE = YES;
				CLANG_WARN__DUPLICATE_METHOD_MATCH = YES;
				COPY_PHASE_STRIP = NO;
				DEBUG_INFORMATION_FORMAT = dwarf;
				ENABLE_STRICT_OBJC_MSGSEND = YES;
				ENABLE_TESTABILITY = YES;
				ENABLE_USER_SCRIPT_SANDBOXING = YES;
				GCC_C_LANGUAGE_STANDARD = gnu17;
				GCC_DYNAMIC_NO_PIC = NO;
				GCC_NO_COMMON_BLOCKS = YES;
				GCC_OPTIMIZATION_LEVEL = 0;
				GCC_PREPROCESSOR_DEFINITIONS = (
					"DEBUG=1",
					"$(inherited)",
				);
				GCC_WARN_64_TO_32_BIT_CONVERSION = YES;
				GCC_WARN_ABOUT_RETURN_TYPE = YES_ERROR;
				GCC_WARN_UNDECLARED_SELECTOR = YES;
				GCC_WARN_UNINITIALIZED_AUTOS = YES_AGGRESSIVE;
				GCC_WARN_UNUSED_FUNCTION = YES;
				GCC_WARN_UNUSED_VARIABLE = YES;
				IPHONEOS_DEPLOYMENT_TARGET = 17.2;
				LOCALIZATION_PREFERS_STRING_CATALOGS = YES;
				MTL_ENABLE_DEBUG_INFO = INCLUDE_SOURCE;
				MTL_FAST_MATH = YES;
				ONLY_ACTIVE_ARCH = YES;
				SDKROOT = iphoneos;
				SWIFT_ACTIVE_COMPILATION_CONDITIONS = "DEBUG $(inherited)";
				SWIFT_OPTIMIZATION_LEVEL = "-Onone";
			};
			name = Debug;
		};
		1736551E2BBDCF9E00DDA013 /* Release */ = {
			isa = XCBuildConfiguration;
			buildSettings = {
				ALWAYS_SEARCH_USER_PATHS = NO;
				ASSETCATALOG_COMPILER_GENERATE_SWIFT_ASSET_SYMBOL_EXTENSIONS = YES;
				CLANG_ANALYZER_NONNULL = YES;
				CLANG_ANALYZER_NUMBER_OBJECT_CONVERSION = YES_AGGRESSIVE;
				CLANG_CXX_LANGUAGE_STANDARD = "gnu++20";
				CLANG_ENABLE_MODULES = YES;
				CLANG_ENABLE_OBJC_ARC = YES;
				CLANG_ENABLE_OBJC_WEAK = YES;
				CLANG_WARN_BLOCK_CAPTURE_AUTORELEASING = YES;
				CLANG_WARN_BOOL_CONVERSION = YES;
				CLANG_WARN_COMMA = YES;
				CLANG_WARN_CONSTANT_CONVERSION = YES;
				CLANG_WARN_DEPRECATED_OBJC_IMPLEMENTATIONS = YES;
				CLANG_WARN_DIRECT_OBJC_ISA_USAGE = YES_ERROR;
				CLANG_WARN_DOCUMENTATION_COMMENTS = YES;
				CLANG_WARN_EMPTY_BODY = YES;
				CLANG_WARN_ENUM_CONVERSION = YES;
				CLANG_WARN_INFINITE_RECURSION = YES;
				CLANG_WARN_INT_CONVERSION = YES;
				CLANG_WARN_NON_LITERAL_NULL_CONVERSION = YES;
				CLANG_WARN_OBJC_IMPLICIT_RETAIN_SELF = YES;
				CLANG_WARN_OBJC_LITERAL_CONVERSION = YES;
				CLANG_WARN_OBJC_ROOT_CLASS = YES_ERROR;
				CLANG_WARN_QUOTED_INCLUDE_IN_FRAMEWORK_HEADER = YES;
				CLANG_WARN_RANGE_LOOP_ANALYSIS = YES;
				CLANG_WARN_STRICT_PROTOTYPES = YES;
				CLANG_WARN_SUSPICIOUS_MOVE = YES;
				CLANG_WARN_UNGUARDED_AVAILABILITY = YES_AGGRESSIVE;
				CLANG_WARN_UNREACHABLE_CODE = YES;
				CLANG_WARN__DUPLICATE_METHOD_MATCH = YES;
				COPY_PHASE_STRIP = NO;
				DEBUG_INFORMATION_FORMAT = "dwarf-with-dsym";
				ENABLE_NS_ASSERTIONS = NO;
				ENABLE_STRICT_OBJC_MSGSEND = YES;
				ENABLE_USER_SCRIPT_SANDBOXING = YES;
				GCC_C_LANGUAGE_STANDARD = gnu17;
				GCC_NO_COMMON_BLOCKS = YES;
				GCC_WARN_64_TO_32_BIT_CONVERSION = YES;
				GCC_WARN_ABOUT_RETURN_TYPE = YES_ERROR;
				GCC_WARN_UNDECLARED_SELECTOR = YES;
				GCC_WARN_UNINITIALIZED_AUTOS = YES_AGGRESSIVE;
				GCC_WARN_UNUSED_FUNCTION = YES;
				GCC_WARN_UNUSED_VARIABLE = YES;
				IPHONEOS_DEPLOYMENT_TARGET = 17.2;
				LOCALIZATION_PREFERS_STRING_CATALOGS = YES;
				MTL_ENABLE_DEBUG_INFO = NO;
				MTL_FAST_MATH = YES;
				SDKROOT = iphoneos;
				SWIFT_COMPILATION_MODE = wholemodule;
				VALIDATE_PRODUCT = YES;
			};
			name = Release;
		};
		173655202BBDCF9E00DDA013 /* Debug */ = {
			isa = XCBuildConfiguration;
			buildSettings = {
				ASSETCATALOG_COMPILER_APPICON_NAME = AppIcon;
				ASSETCATALOG_COMPILER_GLOBAL_ACCENT_COLOR_NAME = AccentColor;
				CODE_SIGN_STYLE = Automatic;
				CURRENT_PROJECT_VERSION = 1;
				DEVELOPMENT_ASSET_PATHS = "\"SpotifyUIClone/Preview Content\"";
				DEVELOPMENT_TEAM = LK273228S4;
				ENABLE_PREVIEWS = YES;
				GENERATE_INFOPLIST_FILE = YES;
				INFOPLIST_KEY_UIApplicationSceneManifest_Generation = YES;
				INFOPLIST_KEY_UIApplicationSupportsIndirectInputEvents = YES;
				INFOPLIST_KEY_UILaunchScreen_Generation = YES;
				INFOPLIST_KEY_UISupportedInterfaceOrientations_iPad = "UIInterfaceOrientationPortrait UIInterfaceOrientationPortraitUpsideDown UIInterfaceOrientationLandscapeLeft UIInterfaceOrientationLandscapeRight";
				INFOPLIST_KEY_UISupportedInterfaceOrientations_iPhone = "UIInterfaceOrientationPortrait UIInterfaceOrientationLandscapeLeft UIInterfaceOrientationLandscapeRight";
				LD_RUNPATH_SEARCH_PATHS = (
					"$(inherited)",
					"@executable_path/Frameworks",
				);
				MARKETING_VERSION = 1.0;
				PRODUCT_BUNDLE_IDENTIFIER = vf.SpotifyUIClone;
				PRODUCT_NAME = "$(TARGET_NAME)";
				SWIFT_EMIT_LOC_STRINGS = YES;
				SWIFT_VERSION = 5.0;
				TARGETED_DEVICE_FAMILY = "1,2";
			};
			name = Debug;
		};
		173655212BBDCF9E00DDA013 /* Release */ = {
			isa = XCBuildConfiguration;
			buildSettings = {
				ASSETCATALOG_COMPILER_APPICON_NAME = AppIcon;
				ASSETCATALOG_COMPILER_GLOBAL_ACCENT_COLOR_NAME = AccentColor;
				CODE_SIGN_STYLE = Automatic;
				CURRENT_PROJECT_VERSION = 1;
				DEVELOPMENT_ASSET_PATHS = "\"SpotifyUIClone/Preview Content\"";
				DEVELOPMENT_TEAM = LK273228S4;
				ENABLE_PREVIEWS = YES;
				GENERATE_INFOPLIST_FILE = YES;
				INFOPLIST_KEY_UIApplicationSceneManifest_Generation = YES;
				INFOPLIST_KEY_UIApplicationSupportsIndirectInputEvents = YES;
				INFOPLIST_KEY_UILaunchScreen_Generation = YES;
				INFOPLIST_KEY_UISupportedInterfaceOrientations_iPad = "UIInterfaceOrientationPortrait UIInterfaceOrientationPortraitUpsideDown UIInterfaceOrientationLandscapeLeft UIInterfaceOrientationLandscapeRight";
				INFOPLIST_KEY_UISupportedInterfaceOrientations_iPhone = "UIInterfaceOrientationPortrait UIInterfaceOrientationLandscapeLeft UIInterfaceOrientationLandscapeRight";
				LD_RUNPATH_SEARCH_PATHS = (
					"$(inherited)",
					"@executable_path/Frameworks",
				);
				MARKETING_VERSION = 1.0;
				PRODUCT_BUNDLE_IDENTIFIER = vf.SpotifyUIClone;
				PRODUCT_NAME = "$(TARGET_NAME)";
				SWIFT_EMIT_LOC_STRINGS = YES;
				SWIFT_VERSION = 5.0;
				TARGETED_DEVICE_FAMILY = "1,2";
			};
			name = Release;
		};
/* End XCBuildConfiguration section */

/* Begin XCConfigurationList section */
		1736550C2BBDCF9D00DDA013 /* Build configuration list for PBXProject "SpotifyUIClone" */ = {
			isa = XCConfigurationList;
			buildConfigurations = (
				1736551D2BBDCF9E00DDA013 /* Debug */,
				1736551E2BBDCF9E00DDA013 /* Release */,
			);
			defaultConfigurationIsVisible = 0;
			defaultConfigurationName = Release;
		};
		1736551F2BBDCF9E00DDA013 /* Build configuration list for PBXNativeTarget "SpotifyUIClone" */ = {
			isa = XCConfigurationList;
			buildConfigurations = (
				173655202BBDCF9E00DDA013 /* Debug */,
				173655212BBDCF9E00DDA013 /* Release */,
			);
			defaultConfigurationIsVisible = 0;
			defaultConfigurationName = Release;
		};
/* End XCConfigurationList section */

/* Begin XCRemoteSwiftPackageReference section */
		173655222BBDD1F500DDA013 /* XCRemoteSwiftPackageReference "SDWebImageSwiftUI" */ = {
			isa = XCRemoteSwiftPackageReference;
			repositoryURL = "https://github.com/SDWebImage/SDWebImageSwiftUI.git";
			requirement = {
				kind = upToNextMajorVersion;
				minimumVersion = 3.0.2;
			};
		};
		17E8FFF12BBF0600003B0E3C /* XCRemoteSwiftPackageReference "SwiftfulUI" */ = {
			isa = XCRemoteSwiftPackageReference;
			repositoryURL = "https://github.com/SwiftfulThinking/SwiftfulUI";
			requirement = {
				kind = upToNextMajorVersion;
				minimumVersion = 1.2.0;
			};
		};
		17E8FFF42BBF0631003B0E3C /* XCRemoteSwiftPackageReference "SwiftfulRouting" */ = {
			isa = XCRemoteSwiftPackageReference;
			repositoryURL = "https://github.com/SwiftfulThinking/SwiftfulRouting";
			requirement = {
				kind = upToNextMajorVersion;
				minimumVersion = 5.3.2;
			};
		};
/* End XCRemoteSwiftPackageReference section */

/* Begin XCSwiftPackageProductDependency section */
		173655232BBDD1F500DDA013 /* SDWebImageSwiftUI */ = {
			isa = XCSwiftPackageProductDependency;
			package = 173655222BBDD1F500DDA013 /* XCRemoteSwiftPackageReference "SDWebImageSwiftUI" */;
			productName = SDWebImageSwiftUI;
		};
		17E8FFF22BBF0600003B0E3C /* SwiftfulUI */ = {
			isa = XCSwiftPackageProductDependency;
			package = 17E8FFF12BBF0600003B0E3C /* XCRemoteSwiftPackageReference "SwiftfulUI" */;
			productName = SwiftfulUI;
		};
		17E8FFF52BBF0631003B0E3C /* SwiftfulRouting */ = {
			isa = XCSwiftPackageProductDependency;
			package = 17E8FFF42BBF0631003B0E3C /* XCRemoteSwiftPackageReference "SwiftfulRouting" */;
			productName = SwiftfulRouting;
		};
/* End XCSwiftPackageProductDependency section */
	};
	rootObject = 173655092BBDCF9D00DDA013 /* Project object */;
}
